
Microsoft Visual Studio Solution File, Format Version 12.00
# Visual Studio Version 17
VisualStudioVersion = 17.3.32901.215
MinimumVisualStudioVersion = 10.0.40219.1
Project("{9A19103F-16F7-4668-BE54-9A1E7A4F7556}") = "CapitalGain", "CapitalGain\CapitalGain.csproj", "{9B7396C8-5BFD-4E56-AEE7-C80CBD8E0D28}"
EndProject
Project("{9A19103F-16F7-4668-BE54-9A1E7A4F7556}") = "CapitalGainTests", "CapitalGainTests\CapitalGainTests.csproj", "{C001E590-0D08-4F8E-BFCA-40694AE14572}"
	ProjectSection(ProjectDependencies) = postProject
		{9B7396C8-5BFD-4E56-AEE7-C80CBD8E0D28} = {9B7396C8-5BFD-4E56-AEE7-C80CBD8E0D28}
	EndProjectSection
EndProject
Global
	GlobalSection(SolutionConfigurationPlatforms) = preSolution
		Debug|Any CPU = Debug|Any CPU
		Release|Any CPU = Release|Any CPU
	EndGlobalSection
	GlobalSection(ProjectConfigurationPlatforms) = postSolution
		{9B7396C8-5BFD-4E56-AEE7-C80CBD8E0D28}.Debug|Any CPU.ActiveCfg = Debug|Any CPU
		{9B7396C8-5BFD-4E56-AEE7-C80CBD8E0D28}.Debug|Any CPU.Build.0 = Debug|Any CPU
		{9B7396C8-5BFD-4E56-AEE7-C80CBD8E0D28}.Release|Any CPU.ActiveCfg = Release|Any CPU
		{9B7396C8-5BFD-4E56-AEE7-C80CBD8E0D28}.Release|Any CPU.Build.0 = Release|Any CPU
		{C001E590-0D08-4F8E-BFCA-40694AE14572}.Debug|Any CPU.ActiveCfg = Debug|Any CPU
		{C001E590-0D08-4F8E-BFCA-40694AE14572}.Debug|Any CPU.Build.0 = Debug|Any CPU
		{C001E590-0D08-4F8E-BFCA-40694AE14572}.Release|Any CPU.ActiveCfg = Release|Any CPU
		{C001E590-0D08-4F8E-BFCA-40694AE14572}.Release|Any CPU.Build.0 = Release|Any CPU
	EndGlobalSection
	GlobalSection(SolutionProperties) = preSolution
		HideSolutionNode = FALSE
	EndGlobalSection
	GlobalSection(ExtensibilityGlobals) = postSolution
		SolutionGuid = {11B190E2-2683-4FDE-9646-8001BBC76786}
	EndGlobalSection
EndGlobal
